Microsoft Visual Studio Solution File, Format Version 12.00
# Visual Studio Version 17
VisualStudioVersion = 17.5.2.0
MinimumVisualStudioVersion = 10.0.40219.1
Project("{FAE04EC0-301F-11D3-BF4B-00C04F79EFBC}") = "NumericTicTacToe", "NumericTicTacToe.csproj", "{22C5247A-F41C-2447-E572-D244ED89C53F}"
EndProject
Global
	GlobalSection(SolutionConfigurationPlatforms) = preSolution
		Debug|Any CPU = Debug|Any CPU
		Release|Any CPU = Release|Any CPU
	EndGlobalSection
	GlobalSection(ProjectConfigurationPlatforms) = postSolution
		{22C5247A-F41C-2447-E572-D244ED89C53F}.Debug|Any CPU.ActiveCfg = Debug|Any CPU
		{22C5247A-F41C-2447-E572-D244ED89C53F}.Debug|Any CPU.Build.0 = Debug|Any CPU
		{22C5247A-F41C-2447-E572-D244ED89C53F}.Release|Any CPU.ActiveCfg = Release|Any CPU
		{22C5247A-F41C-2447-E572-D244ED89C53F}.Release|Any CPU.Build.0 = Release|Any CPU
	EndGlobalSection
	GlobalSection(SolutionProperties) = preSolution
		HideSolutionNode = FALSE
	EndGlobalSection
	GlobalSection(ExtensibilityGlobals) = postSolution
		SolutionGuid = {7D50598D-AF22-4AEE-9BB6-AB999E264D60}
	EndGlobalSection
EndGlobal
